%{"ex_doc": {:git, "git://github.com/elixir-lang/ex_doc.git", "c5d80b1278bf55dcfe1216cb412f6d96b18b1616", []},
  "hackney": {:hex, :hackney, "0.14.3"},
  "httpoison": {:hex, :httpoison, "0.4.3"},
  "idna": {:hex, :idna, "1.0.1"},
  "jsx": {:hex, :jsx, "2.5.2"},
  "mixunit": {:hex, :mixunit, "0.9.1"}}
